
Microsoft Visual Studio Solution File, Format Version 12.00
# Visual Studio Version 16
VisualStudioVersion = 16.0.33328.57
MinimumVisualStudioVersion = 10.0.40219.1
Project("{9A19103F-16F7-4668-BE54-9A1E7A4F7556}") = "PiwotOBS", "PiwotOBS\PiwotOBS.csproj", "{F17BFC3C-D2D6-4141-ABF5-A382FBC0646B}"
EndProject
Project("{9A19103F-16F7-4668-BE54-9A1E7A4F7556}") = "Piwot OBS Deck", "..\Piwot OBS Deck\Piwot OBS Deck\Piwot OBS Deck.csproj", "{8BABF600-2B72-4D56-BCED-F742B738D664}"
EndProject
Project("{888888A0-9F3D-457C-B088-3A5042F75D52}") = "VoiceGateway", "VoiceGateway\VoiceGateway.pyproj", "{E12AB04C-0CB7-4716-86B8-52AEE31D9C63}"
EndProject
Global
	GlobalSection(SolutionConfigurationPlatforms) = preSolution
		Debug|Any CPU = Debug|Any CPU
		Release|Any CPU = Release|Any CPU
	EndGlobalSection
	GlobalSection(ProjectConfigurationPlatforms) = postSolution
		{F17BFC3C-D2D6-4141-ABF5-A382FBC0646B}.Debug|Any CPU.ActiveCfg = Debug|Any CPU
		{F17BFC3C-D2D6-4141-ABF5-A382FBC0646B}.Debug|Any CPU.Build.0 = Debug|Any CPU
		{F17BFC3C-D2D6-4141-ABF5-A382FBC0646B}.Release|Any CPU.ActiveCfg = Release|Any CPU
		{F17BFC3C-D2D6-4141-ABF5-A382FBC0646B}.Release|Any CPU.Build.0 = Release|Any CPU
		{8BABF600-2B72-4D56-BCED-F742B738D664}.Debug|Any CPU.ActiveCfg = Debug|Any CPU
		{8BABF600-2B72-4D56-BCED-F742B738D664}.Debug|Any CPU.Build.0 = Debug|Any CPU
		{8BABF600-2B72-4D56-BCED-F742B738D664}.Release|Any CPU.ActiveCfg = Release|Any CPU
		{8BABF600-2B72-4D56-BCED-F742B738D664}.Release|Any CPU.Build.0 = Release|Any CPU
		{E12AB04C-0CB7-4716-86B8-52AEE31D9C63}.Debug|Any CPU.ActiveCfg = Debug|Any CPU
		{E12AB04C-0CB7-4716-86B8-52AEE31D9C63}.Release|Any CPU.ActiveCfg = Release|Any CPU
	EndGlobalSection
	GlobalSection(SolutionProperties) = preSolution
		HideSolutionNode = FALSE
	EndGlobalSection
	GlobalSection(ExtensibilityGlobals) = postSolution
		SolutionGuid = {F3CD3974-34DC-4D96-8B7C-FA8A567BC8C6}
	EndGlobalSection
EndGlobal
